// !$*UTF8*$!
{
	archiveVersion = 1;
	classes = {
	};
	objectVersion = 46;
	objects = {

/* Begin PBXBuildFile section */
		6A17C0771C60161600F46E6C /* AppDelegate.swift in Sources */ = {isa = PBXBuildFile; fileRef = 6A17C0761C60161600F46E6C /* AppDelegate.swift */; };
		6A17C0791C60161600F46E6C /* ViewController.swift in Sources */ = {isa = PBXBuildFile; fileRef = 6A17C0781C60161600F46E6C /* ViewController.swift */; };
		6A17C07C1C60161600F46E6C /* Main.storyboard in Resources */ = {isa = PBXBuildFile; fileRef = 6A17C07A1C60161600F46E6C /* Main.storyboard */; };
		6A17C07F1C60161600F46E6C /* _98hw1.xcdatamodeld in Sources */ = {isa = PBXBuildFile; fileRef = 6A17C07D1C60161600F46E6C /* _98hw1.xcdatamodeld */; };
		6A17C0811C60161600F46E6C /* Assets.xcassets in Resources */ = {isa = PBXBuildFile; fileRef = 6A17C0801C60161600F46E6C /* Assets.xcassets */; };
		6A17C0841C60161600F46E6C /* LaunchScreen.storyboard in Resources */ = {isa = PBXBuildFile; fileRef = 6A17C0821C60161600F46E6C /* LaunchScreen.storyboard */; };
		6A17C08F1C60161600F46E6C /* _98hw1Tests.swift in Sources */ = {isa = PBXBuildFile; fileRef = 6A17C08E1C60161600F46E6C /* _98hw1Tests.swift */; };
		6A17C09A1C60161600F46E6C /* _98hw1UITests.swift in Sources */ = {isa = PBXBuildFile; fileRef = 6A17C0991C60161600F46E6C /* _98hw1UITests.swift */; };
		6A17C0A81C6195AA00F46E6C /* maincode.swift in Sources */ = {isa = PBXBuildFile; fileRef = 6A17C0A71C6195AA00F46E6C /* maincode.swift */; };
/* End PBXBuildFile section */

/* Begin PBXContainerItemProxy section */
		6A17C08B1C60161600F46E6C /* PBXContainerItemProxy */ = {
			isa = PBXContainerItemProxy;
			containerPortal = 6A17C06B1C60161600F46E6C /* Project object */;
			proxyType = 1;
			remoteGlobalIDString = 6A17C0721C60161600F46E6C;
			remoteInfo = 498hw1;
		};
		6A17C0961C60161600F46E6C /* PBXContainerItemProxy */ = {
			isa = PBXContainerItemProxy;
			containerPortal = 6A17C06B1C60161600F46E6C /* Project object */;
			proxyType = 1;
			remoteGlobalIDString = 6A17C0721C60161600F46E6C;
			remoteInfo = 498hw1;
		};
/* End PBXContainerItemProxy section */

/* Begin PBXFileReference section */
		6A17C0731C60161600F46E6C /* 498hw1.app */ = {isa = PBXFileReference; explicitFileType = wrapper.application; includeInIndex = 0; path = 498hw1.app; sourceTree = BUILT_PRODUCTS_DIR; };
		6A17C0761C60161600F46E6C /* AppDelegate.swift */ = {isa = PBXFileReference; lastKnownFileType = sourcecode.swift; path = AppDelegate.swift; sourceTree = "<group>"; };
		6A17C0781C60161600F46E6C /* ViewController.swift */ = {isa = PBXFileReference; lastKnownFileType = sourcecode.swift; path = ViewController.swift; sourceTree = "<group>"; };
		6A17C07B1C60161600F46E6C /* Base */ = {isa = PBXFileReference; lastKnownFileType = file.storyboard; name = Base; path = Base.lproj/Main.storyboard; sourceTree = "<group>"; };
		6A17C07E1C60161600F46E6C /* _98hw1.xcdatamodel */ = {isa = PBXFileReference; lastKnownFileType = wrapper.xcdatamodel; path = _98hw1.xcdatamodel; sourceTree = "<group>"; };
		6A17C0801C60161600F46E6C /* Assets.xcassets */ = {isa = PBXFileReference; lastKnownFileType = folder.assetcatalog; path = Assets.xcassets; sourceTree = "<group>"; };
		6A17C0831C60161600F46E6C /* Base */ = {isa = PBXFileReference; lastKnownFileType = file.storyboard; name = Base; path = Base.lproj/LaunchScreen.storyboard; sourceTree = "<group>"; };
		6A17C0851C60161600F46E6C /* Info.plist */ = {isa = PBXFileReference; lastKnownFileType = text.plist.xml; path = Info.plist; sourceTree = "<group>"; };
		6A17C08A1C60161600F46E6C /* 498hw1Tests.xctest */ = {isa = PBXFileReference; explicitFileType = wrapper.cfbundle; includeInIndex = 0; path = 498hw1Tests.xctest; sourceTree = BUILT_PRODUCTS_DIR; };
		6A17C08E1C60161600F46E6C /* _98hw1Tests.swift */ = {isa = PBXFileReference; lastKnownFileType = sourcecode.swift; path = _98hw1Tests.swift; sourceTree = "<group>"; };
		6A17C0901C60161600F46E6C /* Info.plist */ = {isa = PBXFileReference; lastKnownFileType = text.plist.xml; path = Info.plist; sourceTree = "<group>"; };
		6A17C0951C60161600F46E6C /* 498hw1UITests.xctest */ = {isa = PBXFileReference; explicitFileType = wrapper.cfbundle; includeInIndex = 0; path = 498hw1UITests.xctest; sourceTree = BUILT_PRODUCTS_DIR; };
		6A17C0991C60161600F46E6C /* _98hw1UITests.swift */ = {isa = PBXFileReference; lastKnownFileType = sourcecode.swift; path = _98hw1UITests.swift; sourceTree = "<group>"; };
		6A17C09B1C60161600F46E6C /* Info.plist */ = {isa = PBXFileReference; lastKnownFileType = text.plist.xml; path = Info.plist; sourceTree = "<group>"; };
		6A17C0A71C6195AA00F46E6C /* maincode.swift */ = {isa = PBXFileReference; fileEncoding = 4; lastKnownFileType = sourcecode.swift; path = maincode.swift; sourceTree = "<group>"; };
/* End PBXFileReference section */

/* Begin PBXFrameworksBuildPhase section */
		6A17C0701C60161600F46E6C /* Frameworks */ = {
			isa = PBXFrameworksBuildPhase;
			buildActionMask = 2147483647;
			files = (
			);
			runOnlyForDeploymentPostprocessing = 0;
		};
		6A17C0871C60161600F46E6C /* Frameworks */ = {
			isa = PBXFrameworksBuildPhase;
			buildActionMask = 2147483647;
			files = (
			);
			runOnlyForDeploymentPostprocessing = 0;
		};
		6A17C0921C60161600F46E6C /* Frameworks */ = {
			isa = PBXFrameworksBuildPhase;
			buildActionMask = 2147483647;
			files = (
			);
			runOnlyForDeploymentPostprocessing = 0;
		};
/* End PBXFrameworksBuildPhase section */

/* Begin PBXGroup section */
		6A17C06A1C60161600F46E6C = {
			isa = PBXGroup;
			children = (
				6A17C0751C60161600F46E6C /* 498hw1 */,
				6A17C08D1C60161600F46E6C /* 498hw1Tests */,
				6A17C0981C60161600F46E6C /* 498hw1UITests */,
				6A17C0741C60161600F46E6C /* Products */,
			);
			sourceTree = "<group>";
		};
		6A17C0741C60161600F46E6C /* Products */ = {
			isa = PBXGroup;
			children = (
				6A17C0731C60161600F46E6C /* 498hw1.app */,
				6A17C08A1C60161600F46E6C /* 498hw1Tests.xctest */,
				6A17C0951C60161600F46E6C /* 498hw1UITests.xctest */,
			);
			name = Products;
			sourceTree = "<group>";
		};
		6A17C0751C60161600F46E6C /* 498hw1 */ = {
			isa = PBXGroup;
			children = (
				6A17C0761C60161600F46E6C /* AppDelegate.swift */,
				6A17C0781C60161600F46E6C /* ViewController.swift */,
				6A17C07A1C60161600F46E6C /* Main.storyboard */,
				6A17C0801C60161600F46E6C /* Assets.xcassets */,
				6A17C0821C60161600F46E6C /* LaunchScreen.storyboard */,
				6A17C0851C60161600F46E6C /* Info.plist */,
				6A17C07D1C60161600F46E6C /* _98hw1.xcdatamodeld */,
				6A17C0A71C6195AA00F46E6C /* maincode.swift */,
			);
			path = 498hw1;
			sourceTree = "<group>";
		};
		6A17C08D1C60161600F46E6C /* 498hw1Tests */ = {
			isa = PBXGroup;
			children = (
				6A17C08E1C60161600F46E6C /* _98hw1Tests.swift */,
				6A17C0901C60161600F46E6C /* Info.plist */,
			);
			path = 498hw1Tests;
			sourceTree = "<group>";
		};
		6A17C0981C60161600F46E6C /* 498hw1UITests */ = {
			isa = PBXGroup;
			children = (
				6A17C0991C60161600F46E6C /* _98hw1UITests.swift */,
				6A17C09B1C60161600F46E6C /* Info.plist */,
			);
			path = 498hw1UITests;
			sourceTree = "<group>";
		};
/* End PBXGroup section */

/* Begin PBXNativeTarget section */
		6A17C0721C60161600F46E6C /* 498hw1 */ = {
			isa = PBXNativeTarget;
			buildConfigurationList = 6A17C09E1C60161600F46E6C /* Build configuration list for PBXNativeTarget "498hw1" */;
			buildPhases = (
				6A17C06F1C60161600F46E6C /* Sources */,
				6A17C0701C60161600F46E6C /* Frameworks */,
				6A17C0711C60161600F46E6C /* Resources */,
			);
			buildRules = (
			);
			dependencies = (
			);
			name = 498hw1;
			productName = 498hw1;
			productReference = 6A17C0731C60161600F46E6C /* 498hw1.app */;
			productType = "com.apple.product-type.application";
		};
		6A17C0891C60161600F46E6C /* 498hw1Tests */ = {
			isa = PBXNativeTarget;
			buildConfigurationList = 6A17C0A11C60161600F46E6C /* Build configuration list for PBXNativeTarget "498hw1Tests" */;
			buildPhases = (
				6A17C0861C60161600F46E6C /* Sources */,
				6A17C0871C60161600F46E6C /* Frameworks */,
				6A17C0881C60161600F46E6C /* Resources */,
			);
			buildRules = (
			);
			dependencies = (
				6A17C08C1C60161600F46E6C /* PBXTargetDependency */,
			);
			name = 498hw1Tests;
			productName = 498hw1Tests;
			productReference = 6A17C08A1C60161600F46E6C /* 498hw1Tests.xctest */;
			productType = "com.apple.product-type.bundle.unit-test";
		};
		6A17C0941C60161600F46E6C /* 498hw1UITests */ = {
			isa = PBXNativeTarget;
			buildConfigurationList = 6A17C0A41C60161600F46E6C /* Build configuration list for PBXNativeTarget "498hw1UITests" */;
			buildPhases = (
				6A17C0911C60161600F46E6C /* Sources */,
				6A17C0921C60161600F46E6C /* Frameworks */,
				6A17C0931C60161600F46E6C /* Resources */,
			);
			buildRules = (
			);
			dependencies = (
				6A17C0971C60161600F46E6C /* PBXTargetDependency */,
			);
			name = 498hw1UITests;
			productName = 498hw1UITests;
			productReference = 6A17C0951C60161600F46E6C /* 498hw1UITests.xctest */;
			productType = "com.apple.product-type.bundle.ui-testing";
		};
/* End PBXNativeTarget section */

/* Begin PBXProject section */
		6A17C06B1C60161600F46E6C /* Project object */ = {
			isa = PBXProject;
			attributes = {
				LastSwiftUpdateCheck = 0720;
				LastUpgradeCheck = 0720;
				ORGANIZATIONNAME = "Edward Chou";
				TargetAttributes = {
					6A17C0721C60161600F46E6C = {
						CreatedOnToolsVersion = 7.2;
						DevelopmentTeam = NXJ6X9B28E;
					};
					6A17C0891C60161600F46E6C = {
						CreatedOnToolsVersion = 7.2;
						TestTargetID = 6A17C0721C60161600F46E6C;
					};
					6A17C0941C60161600F46E6C = {
						CreatedOnToolsVersion = 7.2;
						TestTargetID = 6A17C0721C60161600F46E6C;
					};
				};
			};
			buildConfigurationList = 6A17C06E1C60161600F46E6C /* Build configuration list for PBXProject "498hw1" */;
			compatibilityVersion = "Xcode 3.2";
			developmentRegion = English;
			hasScannedForEncodings = 0;
			knownRegions = (
				en,
				Base,
			);
			mainGroup = 6A17C06A1C60161600F46E6C;
			productRefGroup = 6A17C0741C60161600F46E6C /* Products */;
			projectDirPath = "";
			projectRoot = "";
			targets = (
				6A17C0721C60161600F46E6C /* 498hw1 */,
				6A17C0891C60161600F46E6C /* 498hw1Tests */,
				6A17C0941C60161600F46E6C /* 498hw1UITests */,
			);
		};
/* End PBXProject section */

/* Begin PBXResourcesBuildPhase section */
		6A17C0711C60161600F46E6C /* Resources */ = {
			isa = PBXResourcesBuildPhase;
			buildActionMask = 2147483647;
			files = (
				6A17C0841C60161600F46E6C /* LaunchScreen.storyboard in Resources */,
				6A17C0811C60161600F46E6C /* Assets.xcassets in Resources */,
				6A17C07C1C60161600F46E6C /* Main.storyboard in Resources */,
			);
			runOnlyForDeploymentPostprocessing = 0;
		};
		6A17C0881C60161600F46E6C /* Resources */ = {
			isa = PBXResourcesBuildPhase;
			buildActionMask = 2147483647;
			files = (
			);
			runOnlyForDeploymentPostprocessing = 0;
		};
		6A17C0931C60161600F46E6C /* Resources */ = {
			isa = PBXResourcesBuildPhase;
			buildActionMask = 2147483647;
			files = (
			);
			runOnlyForDeploymentPostprocessing = 0;
		};
/* End PBXResourcesBuildPhase section */

/* Begin PBXSourcesBuildPhase section */
		6A17C06F1C60161600F46E6C /* Sources */ = {
			isa = PBXSourcesBuildPhase;
			buildActionMask = 2147483647;
			files = (
				6A17C0791C60161600F46E6C /* ViewController.swift in Sources */,
				6A17C0A81C6195AA00F46E6C /* maincode.swift in Sources */,
				6A17C0771C60161600F46E6C /* AppDelegate.swift in Sources */,
				6A17C07F1C60161600F46E6C /* _98hw1.xcdatamodeld in Sources */,
			);
			runOnlyForDeploymentPostprocessing = 0;
		};
		6A17C0861C60161600F46E6C /* Sources */ = {
			isa = PBXSourcesBuildPhase;
			buildActionMask = 2147483647;
			files = (
				6A17C08F1C60161600F46E6C /* _98hw1Tests.swift in Sources */,
			);
			runOnlyForDeploymentPostprocessing = 0;
		};
		6A17C0911C60161600F46E6C /* Sources */ = {
			isa = PBXSourcesBuildPhase;
			buildActionMask = 2147483647;
			files = (
				6A17C09A1C60161600F46E6C /* _98hw1UITests.swift in Sources */,
			);
			runOnlyForDeploymentPostprocessing = 0;
		};
/* End PBXSourcesBuildPhase section */

/* Begin PBXTargetDependency section */
		6A17C08C1C60161600F46E6C /* PBXTargetDependency */ = {
			isa = PBXTargetDependency;
			target = 6A17C0721C60161600F46E6C /* 498hw1 */;
			targetProxy = 6A17C08B1C60161600F46E6C /* PBXContainerItemProxy */;
		};
		6A17C0971C60161600F46E6C /* PBXTargetDependency */ = {
			isa = PBXTargetDependency;
			target = 6A17C0721C60161600F46E6C /* 498hw1 */;
			targetProxy = 6A17C0961C60161600F46E6C /* PBXContainerItemProxy */;
		};
/* End PBXTargetDependency section */

/* Begin PBXVariantGroup section */
		6A17C07A1C60161600F46E6C /* Main.storyboard */ = {
			isa = PBXVariantGroup;
			children = (
				6A17C07B1C60161600F46E6C /* Base */,
			);
			name = Main.storyboard;
			sourceTree = "<group>";
		};
		6A17C0821C60161600F46E6C /* LaunchScreen.storyboard */ = {
			isa = PBXVariantGroup;
			children = (
				6A17C0831C60161600F46E6C /* Base */,
			);
			name = LaunchScreen.storyboard;
			sourceTree = "<group>";
		};
/* End PBXVariantGroup section */

/* Begin XCBuildConfiguration section */
		6A17C09C1C60161600F46E6C /* Debug */ = {
			isa = XCBuildConfiguration;
			buildSettings = {
				ALWAYS_SEARCH_USER_PATHS = NO;
				CLANG_CXX_LANGUAGE_STANDARD = "gnu++0x";
				CLANG_CXX_LIBRARY = "libc++";
				CLANG_ENABLE_MODULES = YES;
				CLANG_ENABLE_OBJC_ARC = YES;
				CLANG_WARN_BOOL_CONVERSION = YES;
				CLANG_WARN_CONSTANT_CONVERSION = YES;
				CLANG_WARN_DIRECT_OBJC_ISA_USAGE = YES_ERROR;
				CLANG_WARN_EMPTY_BODY = YES;
				CLANG_WARN_ENUM_CONVERSION = YES;
				CLANG_WARN_INT_CONVERSION = YES;
				CLANG_WARN_OBJC_ROOT_CLASS = YES_ERROR;
				CLANG_WARN_UNREACHABLE_CODE = YES;
				CLANG_WARN__DUPLICATE_METHOD_MATCH = YES;
				"CODE_SIGN_IDENTITY[sdk=iphoneos*]" = "iPhone Developer";
				COPY_PHASE_STRIP = NO;
				DEBUG_INFORMATION_FORMAT = dwarf;
				ENABLE_STRICT_OBJC_MSGSEND = YES;
				ENABLE_TESTABILITY = YES;
				GCC_C_LANGUAGE_STANDARD = gnu99;
				GCC_DYNAMIC_NO_PIC = NO;
				GCC_NO_COMMON_BLOCKS = YES;
				GCC_OPTIMIZATION_LEVEL = 0;
				GCC_PREPROCESSOR_DEFINITIONS = (
					"DEBUG=1",
					"$(inherited)",
				);
				GCC_WARN_64_TO_32_BIT_CONVERSION = YES;
				GCC_WARN_ABOUT_RETURN_TYPE = YES_ERROR;
				GCC_WARN_UNDECLARED_SELECTOR = YES;
				GCC_WARN_UNINITIALIZED_AUTOS = YES_AGGRESSIVE;
				GCC_WARN_UNUSED_FUNCTION = YES;
				GCC_WARN_UNUSED_VARIABLE = YES;
				IPHONEOS_DEPLOYMENT_TARGET = 9.2;
				MTL_ENABLE_DEBUG_INFO = YES;
				ONLY_ACTIVE_ARCH = YES;
				SDKROOT = iphoneos;
				SWIFT_OPTIMIZATION_LEVEL = "-Onone";
			};
			name = Debug;
		};
		6A17C09D1C60161600F46E6C /* Release */ = {
			isa = XCBuildConfiguration;
			buildSettings = {
				ALWAYS_SEARCH_USER_PATHS = NO;
				CLANG_CXX_LANGUAGE_STANDARD = "gnu++0x";
				CLANG_CXX_LIBRARY = "libc++";
				CLANG_ENABLE_MODULES = YES;
				CLANG_ENABLE_OBJC_ARC = YES;
				CLANG_WARN_BOOL_CONVERSION = YES;
				CLANG_WARN_CONSTANT_CONVERSION = YES;
				CLANG_WARN_DIRECT_OBJC_ISA_USAGE = YES_ERROR;
				CLANG_WARN_EMPTY_BODY = YES;
				CLANG_WARN_ENUM_CONVERSION = YES;
				CLANG_WARN_INT_CONVERSION = YES;
				CLANG_WARN_OBJC_ROOT_CLASS = YES_ERROR;
				CLANG_WARN_UNREACHABLE_CODE = YES;
				CLANG_WARN__DUPLICATE_METHOD_MATCH = YES;
				"CODE_SIGN_IDENTITY[sdk=iphoneos*]" = "iPhone Developer";
				COPY_PHASE_STRIP = NO;
				DEBUG_INFORMATION_FORMAT = "dwarf-with-dsym";
				ENABLE_NS_ASSERTIONS = NO;
				ENABLE_STRICT_OBJC_MSGSEND = YES;
				GCC_C_LANGUAGE_STANDARD = gnu99;
				GCC_NO_COMMON_BLOCKS = YES;
				GCC_WARN_64_TO_32_BIT_CONVERSION = YES;
				GCC_WARN_ABOUT_RETURN_TYPE = YES_ERROR;
				GCC_WARN_UNDECLARED_SELECTOR = YES;
				GCC_WARN_UNINITIALIZED_AUTOS = YES_AGGRESSIVE;
				GCC_WARN_UNUSED_FUNCTION = YES;
				GCC_WARN_UNUSED_VARIABLE = YES;
				IPHONEOS_DEPLOYMENT_TARGET = 9.2;
				MTL_ENABLE_DEBUG_INFO = NO;
				SDKROOT = iphoneos;
				VALIDATE_PRODUCT = YES;
			};
			name = Release;
		};
		6A17C09F1C60161600F46E6C /* Debug */ = {
			isa = XCBuildConfiguration;
			buildSettings = {
				ASSETCATALOG_COMPILER_APPICON_NAME = AppIcon;
				CODE_SIGN_IDENTITY = "iPhone Developer";
				"CODE_SIGN_IDENTITY[sdk=iphoneos*]" = "iPhone Developer";
				INFOPLIST_FILE = 498hw1/Info.plist;
				LD_RUNPATH_SEARCH_PATHS = "$(inherited) @executable_path/Frameworks";
				PRODUCT_BUNDLE_IDENTIFIER = "mobilecomputing.-98hw1";
				PRODUCT_NAME = "$(TARGET_NAME)";
				PROVISIONING_PROFILE = "";
			};
			name = Debug;
		};
		6A17C0A01C60161600F46E6C /* Release */ = {
			isa = XCBuildConfiguration;
			buildSettings = {
				ASSETCATALOG_COMPILER_APPICON_NAME = AppIcon;
				CODE_SIGN_IDENTITY = "iPhone Developer";
				"CODE_SIGN_IDENTITY[sdk=iphoneos*]" = "iPhone Developer";
				INFOPLIST_FILE = 498hw1/Info.plist;
				LD_RUNPATH_SEARCH_PATHS = "$(inherited) @executable_path/Frameworks";
				PRODUCT_BUNDLE_IDENTIFIER = "mobilecomputing.-98hw1";
				PRODUCT_NAME = "$(TARGET_NAME)";
				PROVISIONING_PROFILE = "";
			};
			name = Release;
		};
		6A17C0A21C60161600F46E6C /* Debug */ = {
			isa = XCBuildConfiguration;
			buildSettings = {
				BUNDLE_LOADER = "$(TEST_HOST)";
				INFOPLIST_FILE = 498hw1Tests/Info.plist;
				LD_RUNPATH_SEARCH_PATHS = "$(inherited) @executable_path/Frameworks @loader_path/Frameworks";
				PRODUCT_BUNDLE_IDENTIFIER = "mobilecomputing.-98hw1Tests";
				PRODUCT_NAME = "$(TARGET_NAME)";
				TEST_HOST = "$(BUILT_PRODUCTS_DIR)/498hw1.app/498hw1";
			};
			name = Debug;
		};
		6A17C0A31C60161600F46E6C /* Release */ = {
			isa = XCBuildConfiguration;
			buildSettings = {
				BUNDLE_LOADER = "$(TEST_HOST)";
				INFOPLIST_FILE = 498hw1Tests/Info.plist;
				LD_RUNPATH_SEARCH_PATHS = "$(inherited) @executable_path/Frameworks @loader_path/Frameworks";
				PRODUCT_BUNDLE_IDENTIFIER = "mobilecomputing.-98hw1Tests";
				PRODUCT_NAME = "$(TARGET_NAME)";
				TEST_HOST = "$(BUILT_PRODUCTS_DIR)/498hw1.app/498hw1";
			};
			name = Release;
		};
		6A17C0A51C60161600F46E6C /* Debug */ = {
			isa = XCBuildConfiguration;
			buildSettings = {
				INFOPLIST_FILE = 498hw1UITests/Info.plist;
				LD_RUNPATH_SEARCH_PATHS = "$(inherited) @executable_path/Frameworks @loader_path/Frameworks";
				PRODUCT_BUNDLE_IDENTIFIER = "mobilecomputing.-98hw1UITests";
				PRODUCT_NAME = "$(TARGET_NAME)";
				TEST_TARGET_NAME = 498hw1;
				USES_XCTRUNNER = YES;
			};
			name = Debug;
		};
		6A17C0A61C60161600F46E6C /* Release */ = {
			isa = XCBuildConfiguration;
			buildSettings = {
				INFOPLIST_FILE = 498hw1UITests/Info.plist;
				LD_RUNPATH_SEARCH_PATHS = "$(inherited) @executable_path/Frameworks @loader_path/Frameworks";
				PRODUCT_BUNDLE_IDENTIFIER = "mobilecomputing.-98hw1UITests";
				PRODUCT_NAME = "$(TARGET_NAME)";
				TEST_TARGET_NAME = 498hw1;
				USES_XCTRUNNER = YES;
			};
			name = Release;
		};
/* End XCBuildConfiguration section */

/* Begin XCConfigurationList section */
		6A17C06E1C60161600F46E6C /* Build configuration list for PBXProject "498hw1" */ = {
			isa = XCConfigurationList;
			buildConfigurations = (
				6A17C09C1C60161600F46E6C /* Debug */,
				6A17C09D1C60161600F46E6C /* Release */,
			);
			defaultConfigurationIsVisible = 0;
			defaultConfigurationName = Release;
		};
		6A17C09E1C60161600F46E6C /* Build configuration list for PBXNativeTarget "498hw1" */ = {
			isa = XCConfigurationList;
			buildConfigurations = (
				6A17C09F1C60161600F46E6C /* Debug */,
				6A17C0A01C60161600F46E6C /* Release */,
			);
			defaultConfigurationIsVisible = 0;
			defaultConfigurationName = Release;
		};
		6A17C0A11C60161600F46E6C /* Build configuration list for PBXNativeTarget "498hw1Tests" */ = {
			isa = XCConfigurationList;
			buildConfigurations = (
				6A17C0A21C60161600F46E6C /* Debug */,
				6A17C0A31C60161600F46E6C /* Release */,
			);
			defaultConfigurationIsVisible = 0;
			defaultConfigurationName = Release;
		};
		6A17C0A41C60161600F46E6C /* Build configuration list for PBXNativeTarget "498hw1UITests" */ = {
			isa = XCConfigurationList;
			buildConfigurations = (
				6A17C0A51C60161600F46E6C /* Debug */,
				6A17C0A61C60161600F46E6C /* Release */,
			);
			defaultConfigurationIsVisible = 0;
			defaultConfigurationName = Release;
		};
/* End XCConfigurationList section */

/* Begin XCVersionGroup section */
		6A17C07D1C60161600F46E6C /* _98hw1.xcdatamodeld */ = {
			isa = XCVersionGroup;
			children = (
				6A17C07E1C60161600F46E6C /* _98hw1.xcdatamodel */,
			);
			currentVersion = 6A17C07E1C60161600F46E6C /* _98hw1.xcdatamodel */;
			path = _98hw1.xcdatamodeld;
			sourceTree = "<group>";
			versionGroupType = wrapper.xcdatamodel;
		};
/* End XCVersionGroup section */
	};
	rootObject = 6A17C06B1C60161600F46E6C /* Project object */;
}
